{
  "name": "@samhammer/ckeditor5-simple-image-upload-plugin",
  "version": "3.18.0",
  "lockfileVersion": 2,
  "requires": true,
  "packages": {
    "": {
      "name": "@samhammer/ckeditor5-simple-image-upload-plugin",
      "version": "3.18.0",
      "license": "MIT",
      "dependencies": {
        "@ckeditor/ckeditor5-core": "^33.0.0",
        "@ckeditor/ckeditor5-upload": "^33.0.0"
      }
    },
    "node_modules/@ckeditor/ckeditor5-core": {
      "version": "33.0.0",
      "resolved": "https://registry.npmjs.org/@ckeditor/ckeditor5-core/-/ckeditor5-core-33.0.0.tgz",
      "integrity": "sha512-ciYryUdtckV/lGcmT9cTo5ZG12xpM8k1liMDCHs8tT/J8iq35JwSoiZGM3S9lhXLk7SB7hC2jd2JsugMoEzrFA==",
      "dependencies": {
        "@ckeditor/ckeditor5-engine": "^33.0.0",
        "@ckeditor/ckeditor5-ui": "^33.0.0",
        "@ckeditor/ckeditor5-utils": "^33.0.0",
        "lodash-es": "^4.17.15"
      },
      "engines": {
        "node": ">=14.0.0",
        "npm": ">=5.7.1"
      }
    },
    "node_modules/@ckeditor/ckeditor5-engine": {
      "version": "33.0.0",
      "resolved": "https://registry.npmjs.org/@ckeditor/ckeditor5-engine/-/ckeditor5-engine-33.0.0.tgz",
      "integrity": "sha512-dZIcj8f80s+4RxJaWZWoxK2E8OHDFGi8FDayqNy65lJp97ks4O5QCYm5N3/RRwaHqFtX0MkiCX0uTAKU6mTXCg==",
      "dependencies": {
        "@ckeditor/ckeditor5-utils": "^33.0.0",
        "lodash-es": "^4.17.15"
      },
      "engines": {
        "node": ">=14.0.0",
        "npm": ">=5.7.1"
      }
    },
    "node_modules/@ckeditor/ckeditor5-ui": {
      "version": "33.0.0",
      "resolved": "https://registry.npmjs.org/@ckeditor/ckeditor5-ui/-/ckeditor5-ui-33.0.0.tgz",
      "integrity": "sha512-T/H28BpORjciUb8EaYIdkWbDx9jsKqhQmIkx1huEpoMi0HNQcfwqyHEOlfLFZGAupEXLIlO7zmTCxGYbpCmVsQ==",
      "dependencies": {
        "@ckeditor/ckeditor5-core": "^33.0.0",
        "@ckeditor/ckeditor5-utils": "^33.0.0",
        "lodash-es": "^4.17.15"
      },
      "engines": {
        "node": ">=14.0.0",
        "npm": ">=5.7.1"
      }
    },
    "node_modules/@ckeditor/ckeditor5-upload": {
      "version": "33.0.0",
      "resolved": "https://registry.npmjs.org/@ckeditor/ckeditor5-upload/-/ckeditor5-upload-33.0.0.tgz",
      "integrity": "sha512-Bhp7fh8k7UVc82uyjTPy64T180FgV7S1vngjVFAT2hj2JXDyy+PgEU5pFpVSc5OaMovk0w2NC3bNv7aYiSIr7g==",
      "dependencies": {
        "@ckeditor/ckeditor5-core": "^33.0.0",
        "@ckeditor/ckeditor5-ui": "^33.0.0",
        "@ckeditor/ckeditor5-utils": "^33.0.0"
      },
      "engines": {
        "node": ">=14.0.0",
        "npm": ">=5.7.1"
      }
    },
    "node_modules/@ckeditor/ckeditor5-utils": {
      "version": "33.0.0",
      "resolved": "https://registry.npmjs.org/@ckeditor/ckeditor5-utils/-/ckeditor5-utils-33.0.0.tgz",
      "integrity": "sha512-6XEv4CPUI86Rmk49BxPe+GoUzVUxJAykKOhhKTRcAa6JfKsFuop/j7rqlGCd87X3rxE3/lpzoamQs5D0WKMW6w==",
      "dependencies": {
        "lodash-es": "^4.17.15"
      },
      "engines": {
        "node": ">=14.0.0",
        "npm": ">=5.7.1"
      }
    },
    "node_modules/lodash-es": {
      "version": "4.17.21",
      "resolved": "https://registry.npmjs.org/lodash-es/-/lodash-es-4.17.21.tgz",
      "integrity": "sha512-mKnC+QJ9pWVzv+C4/U3rRsHapFfHvQFoFB92e52xeyGMcX6/OlIl78je1u8vePzYZSkkogMPJ2yjxxsb89cxyw=="
    }
  },
  "dependencies": {
    "@ckeditor/ckeditor5-core": {
      "version": "33.0.0",
      "resolved": "https://registry.npmjs.org/@ckeditor/ckeditor5-core/-/ckeditor5-core-33.0.0.tgz",
      "integrity": "sha512-ciYryUdtckV/lGcmT9cTo5ZG12xpM8k1liMDCHs8tT/J8iq35JwSoiZGM3S9lhXLk7SB7hC2jd2JsugMoEzrFA==",
      "requires": {
        "@ckeditor/ckeditor5-engine": "^33.0.0",
        "@ckeditor/ckeditor5-ui": "^33.0.0",
        "@ckeditor/ckeditor5-utils": "^33.0.0",
        "lodash-es": "^4.17.15"
      }
    },
    "@ckeditor/ckeditor5-engine": {
      "version": "33.0.0",
      "resolved": "https://registry.npmjs.org/@ckeditor/ckeditor5-engine/-/ckeditor5-engine-33.0.0.tgz",
      "integrity": "sha512-dZIcj8f80s+4RxJaWZWoxK2E8OHDFGi8FDayqNy65lJp97ks4O5QCYm5N3/RRwaHqFtX0MkiCX0uTAKU6mTXCg==",
      "requires": {
        "@ckeditor/ckeditor5-utils": "^33.0.0",
        "lodash-es": "^4.17.15"
      }
    },
    "@ckeditor/ckeditor5-ui": {
      "version": "33.0.0",
      "resolved": "https://registry.npmjs.org/@ckeditor/ckeditor5-ui/-/ckeditor5-ui-33.0.0.tgz",
      "integrity": "sha512-T/H28BpORjciUb8EaYIdkWbDx9jsKqhQmIkx1huEpoMi0HNQcfwqyHEOlfLFZGAupEXLIlO7zmTCxGYbpCmVsQ==",
      "requires": {
        "@ckeditor/ckeditor5-core": "^33.0.0",
        "@ckeditor/ckeditor5-utils": "^33.0.0",
        "lodash-es": "^4.17.15"
      }
    },
    "@ckeditor/ckeditor5-upload": {
      "version": "33.0.0",
      "resolved": "https://registry.npmjs.org/@ckeditor/ckeditor5-upload/-/ckeditor5-upload-33.0.0.tgz",
      "integrity": "sha512-Bhp7fh8k7UVc82uyjTPy64T180FgV7S1vngjVFAT2hj2JXDyy+PgEU5pFpVSc5OaMovk0w2NC3bNv7aYiSIr7g==",
      "requires": {
        "@ckeditor/ckeditor5-core": "^33.0.0",
        "@ckeditor/ckeditor5-ui": "^33.0.0",
        "@ckeditor/ckeditor5-utils": "^33.0.0"
      }
    },
    "@ckeditor/ckeditor5-utils": {
      "version": "33.0.0",
      "resolved": "https://registry.npmjs.org/@ckeditor/ckeditor5-utils/-/ckeditor5-utils-33.0.0.tgz",
      "integrity": "sha512-6XEv4CPUI86Rmk49BxPe+GoUzVUxJAykKOhhKTRcAa6JfKsFuop/j7rqlGCd87X3rxE3/lpzoamQs5D0WKMW6w==",
      "requires": {
        "lodash-es": "^4.17.15"
      }
    },
    "lodash-es": {
      "version": "4.17.21",
      "resolved": "https://registry.npmjs.org/lodash-es/-/lodash-es-4.17.21.tgz",
      "integrity": "sha512-mKnC+QJ9pWVzv+C4/U3rRsHapFfHvQFoFB92e52xeyGMcX6/OlIl78je1u8vePzYZSkkogMPJ2yjxxsb89cxyw=="
    }
  }
}
