{
  "name": "@samhammer/ckeditor5-simple-image-upload-plugin",
  "version": "3.21.0",
  "lockfileVersion": 2,
  "requires": true,
  "packages": {
    "": {
      "name": "@samhammer/ckeditor5-simple-image-upload-plugin",
      "version": "3.21.0",
      "license": "MIT",
      "dependencies": {
        "@ckeditor/ckeditor5-core": "^35.1.0",
        "@ckeditor/ckeditor5-upload": "^35.1.0"
      }
    },
    "node_modules/@ckeditor/ckeditor5-core": {
      "version": "35.1.0",
      "resolved": "https://registry.npmjs.org/@ckeditor/ckeditor5-core/-/ckeditor5-core-35.1.0.tgz",
      "integrity": "sha512-yqPP7tEOT/rsxtDf6qvL5Yszmf2MZJJDK426SQryJiKpAEysX+337FEeLpK1silIL+UMejh5Y2/oNr4L+wTRXw==",
      "dependencies": {
        "@ckeditor/ckeditor5-engine": "^35.1.0",
        "@ckeditor/ckeditor5-ui": "^35.1.0",
        "@ckeditor/ckeditor5-utils": "^35.1.0",
        "lodash-es": "^4.17.15"
      },
      "engines": {
        "node": ">=14.0.0",
        "npm": ">=5.7.1"
      }
    },
    "node_modules/@ckeditor/ckeditor5-engine": {
      "version": "35.1.0",
      "resolved": "https://registry.npmjs.org/@ckeditor/ckeditor5-engine/-/ckeditor5-engine-35.1.0.tgz",
      "integrity": "sha512-1xyzPkN2N0xzdeVpT53Eqj4Awfbwl6lN3JIpgntBmCOdiZejRZipdPFkbS0ZkhG14aLAV1blbk/ZMJSsOmaTWg==",
      "dependencies": {
        "@ckeditor/ckeditor5-utils": "^35.1.0",
        "lodash-es": "^4.17.15"
      },
      "engines": {
        "node": ">=14.0.0",
        "npm": ">=5.7.1"
      }
    },
    "node_modules/@ckeditor/ckeditor5-ui": {
      "version": "35.1.0",
      "resolved": "https://registry.npmjs.org/@ckeditor/ckeditor5-ui/-/ckeditor5-ui-35.1.0.tgz",
      "integrity": "sha512-nHi8Y9VBXhtva166PxvtOir+PKigmvpqzq8NPZwwZBsi+REPNy9gg6tWb9UCkwQXpGR1LOX4nEhKa3e1LKJbig==",
      "dependencies": {
        "@ckeditor/ckeditor5-core": "^35.1.0",
        "@ckeditor/ckeditor5-utils": "^35.1.0",
        "lodash-es": "^4.17.15"
      },
      "engines": {
        "node": ">=14.0.0",
        "npm": ">=5.7.1"
      }
    },
    "node_modules/@ckeditor/ckeditor5-upload": {
      "version": "35.1.0",
      "resolved": "https://registry.npmjs.org/@ckeditor/ckeditor5-upload/-/ckeditor5-upload-35.1.0.tgz",
      "integrity": "sha512-EDa56I4v+MH9EpDavcCrZA+3l9e3bYqPY43GCwy5KP9N6rbar05OaUCMqPXA0ky2eupkae2tjp8MtCUxs/W+Vg==",
      "dependencies": {
        "@ckeditor/ckeditor5-core": "^35.1.0",
        "@ckeditor/ckeditor5-ui": "^35.1.0",
        "@ckeditor/ckeditor5-utils": "^35.1.0"
      },
      "engines": {
        "node": ">=14.0.0",
        "npm": ">=5.7.1"
      }
    },
    "node_modules/@ckeditor/ckeditor5-utils": {
      "version": "35.1.0",
      "resolved": "https://registry.npmjs.org/@ckeditor/ckeditor5-utils/-/ckeditor5-utils-35.1.0.tgz",
      "integrity": "sha512-a13oY43cHzS0uwLB/m6JKXhNNWftcNsUrI2/+UGsUElmFEnJ7aG24iHkdmh62kHY/X5SxowW9hBQR+yb6sKC4w==",
      "dependencies": {
        "lodash-es": "^4.17.15"
      },
      "engines": {
        "node": ">=14.0.0",
        "npm": ">=5.7.1"
      }
    },
    "node_modules/lodash-es": {
      "version": "4.17.21",
      "resolved": "https://registry.npmjs.org/lodash-es/-/lodash-es-4.17.21.tgz",
      "integrity": "sha512-mKnC+QJ9pWVzv+C4/U3rRsHapFfHvQFoFB92e52xeyGMcX6/OlIl78je1u8vePzYZSkkogMPJ2yjxxsb89cxyw=="
    }
  },
  "dependencies": {
    "@ckeditor/ckeditor5-core": {
      "version": "35.1.0",
      "resolved": "https://registry.npmjs.org/@ckeditor/ckeditor5-core/-/ckeditor5-core-35.1.0.tgz",
      "integrity": "sha512-yqPP7tEOT/rsxtDf6qvL5Yszmf2MZJJDK426SQryJiKpAEysX+337FEeLpK1silIL+UMejh5Y2/oNr4L+wTRXw==",
      "requires": {
        "@ckeditor/ckeditor5-engine": "^35.1.0",
        "@ckeditor/ckeditor5-ui": "^35.1.0",
        "@ckeditor/ckeditor5-utils": "^35.1.0",
        "lodash-es": "^4.17.15"
      }
    },
    "@ckeditor/ckeditor5-engine": {
      "version": "35.1.0",
      "resolved": "https://registry.npmjs.org/@ckeditor/ckeditor5-engine/-/ckeditor5-engine-35.1.0.tgz",
      "integrity": "sha512-1xyzPkN2N0xzdeVpT53Eqj4Awfbwl6lN3JIpgntBmCOdiZejRZipdPFkbS0ZkhG14aLAV1blbk/ZMJSsOmaTWg==",
      "requires": {
        "@ckeditor/ckeditor5-utils": "^35.1.0",
        "lodash-es": "^4.17.15"
      }
    },
    "@ckeditor/ckeditor5-ui": {
      "version": "35.1.0",
      "resolved": "https://registry.npmjs.org/@ckeditor/ckeditor5-ui/-/ckeditor5-ui-35.1.0.tgz",
      "integrity": "sha512-nHi8Y9VBXhtva166PxvtOir+PKigmvpqzq8NPZwwZBsi+REPNy9gg6tWb9UCkwQXpGR1LOX4nEhKa3e1LKJbig==",
      "requires": {
        "@ckeditor/ckeditor5-core": "^35.1.0",
        "@ckeditor/ckeditor5-utils": "^35.1.0",
        "lodash-es": "^4.17.15"
      }
    },
    "@ckeditor/ckeditor5-upload": {
      "version": "35.1.0",
      "resolved": "https://registry.npmjs.org/@ckeditor/ckeditor5-upload/-/ckeditor5-upload-35.1.0.tgz",
      "integrity": "sha512-EDa56I4v+MH9EpDavcCrZA+3l9e3bYqPY43GCwy5KP9N6rbar05OaUCMqPXA0ky2eupkae2tjp8MtCUxs/W+Vg==",
      "requires": {
        "@ckeditor/ckeditor5-core": "^35.1.0",
        "@ckeditor/ckeditor5-ui": "^35.1.0",
        "@ckeditor/ckeditor5-utils": "^35.1.0"
      }
    },
    "@ckeditor/ckeditor5-utils": {
      "version": "35.1.0",
      "resolved": "https://registry.npmjs.org/@ckeditor/ckeditor5-utils/-/ckeditor5-utils-35.1.0.tgz",
      "integrity": "sha512-a13oY43cHzS0uwLB/m6JKXhNNWftcNsUrI2/+UGsUElmFEnJ7aG24iHkdmh62kHY/X5SxowW9hBQR+yb6sKC4w==",
      "requires": {
        "lodash-es": "^4.17.15"
      }
    },
    "lodash-es": {
      "version": "4.17.21",
      "resolved": "https://registry.npmjs.org/lodash-es/-/lodash-es-4.17.21.tgz",
      "integrity": "sha512-mKnC+QJ9pWVzv+C4/U3rRsHapFfHvQFoFB92e52xeyGMcX6/OlIl78je1u8vePzYZSkkogMPJ2yjxxsb89cxyw=="
    }
  }
}
