{
  "name": "@samhammer/ckeditor5-simple-image-upload-plugin",
  "version": "3.20.0",
  "lockfileVersion": 2,
  "requires": true,
  "packages": {
    "": {
      "name": "@samhammer/ckeditor5-simple-image-upload-plugin",
      "version": "3.20.0",
      "license": "MIT",
      "dependencies": {
        "@ckeditor/ckeditor5-core": "^34.2.0",
        "@ckeditor/ckeditor5-upload": "^34.2.0"
      }
    },
    "node_modules/@ckeditor/ckeditor5-core": {
      "version": "34.2.0",
      "resolved": "https://registry.npmjs.org/@ckeditor/ckeditor5-core/-/ckeditor5-core-34.2.0.tgz",
      "integrity": "sha512-6K0aToibRt28sCVYpMqdSKGvMifjwziqxLxyEh38CyDZJBUf7QPEAPlEpKAFTisHNEmC4471tr8UPpvNgqUXGA==",
      "dependencies": {
        "@ckeditor/ckeditor5-engine": "^34.2.0",
        "@ckeditor/ckeditor5-ui": "^34.2.0",
        "@ckeditor/ckeditor5-utils": "^34.2.0",
        "lodash-es": "^4.17.15"
      },
      "engines": {
        "node": ">=14.0.0",
        "npm": ">=5.7.1"
      }
    },
    "node_modules/@ckeditor/ckeditor5-engine": {
      "version": "34.2.0",
      "resolved": "https://registry.npmjs.org/@ckeditor/ckeditor5-engine/-/ckeditor5-engine-34.2.0.tgz",
      "integrity": "sha512-9/i6TZ+Sy5T6hnuCtmeLTfwLSY8LaS7qFkW6gsM9NEB+LSSu930GP0Ss30Nw6dYo/JmYiQEpkiRJzKYIjrH8Pg==",
      "dependencies": {
        "@ckeditor/ckeditor5-utils": "^34.2.0",
        "lodash-es": "^4.17.15"
      },
      "engines": {
        "node": ">=14.0.0",
        "npm": ">=5.7.1"
      }
    },
    "node_modules/@ckeditor/ckeditor5-ui": {
      "version": "34.2.0",
      "resolved": "https://registry.npmjs.org/@ckeditor/ckeditor5-ui/-/ckeditor5-ui-34.2.0.tgz",
      "integrity": "sha512-XL561G/e3b1YLGHNjLxS9IgoVn4BSugHmidEXYNUTMLATRCKld1XMUKFsB/wm3DwLBUfWn4d2j3qdcO2CnDuBg==",
      "dependencies": {
        "@ckeditor/ckeditor5-core": "^34.2.0",
        "@ckeditor/ckeditor5-utils": "^34.2.0",
        "lodash-es": "^4.17.15"
      },
      "engines": {
        "node": ">=14.0.0",
        "npm": ">=5.7.1"
      }
    },
    "node_modules/@ckeditor/ckeditor5-upload": {
      "version": "34.2.0",
      "resolved": "https://registry.npmjs.org/@ckeditor/ckeditor5-upload/-/ckeditor5-upload-34.2.0.tgz",
      "integrity": "sha512-HBJr0/wFE+R13aIXRF/xJVQqo6Yh34EgbnrNYYhlNiHG40Vr6079eCuoZrnY3vwEsjtFNnTRQ433+RqxJ652zw==",
      "dependencies": {
        "@ckeditor/ckeditor5-core": "^34.2.0",
        "@ckeditor/ckeditor5-ui": "^34.2.0",
        "@ckeditor/ckeditor5-utils": "^34.2.0"
      },
      "engines": {
        "node": ">=14.0.0",
        "npm": ">=5.7.1"
      }
    },
    "node_modules/@ckeditor/ckeditor5-utils": {
      "version": "34.2.0",
      "resolved": "https://registry.npmjs.org/@ckeditor/ckeditor5-utils/-/ckeditor5-utils-34.2.0.tgz",
      "integrity": "sha512-jHJV2S8DzmpVvd3jdercY6HsGRAwpm/MK79Rs/Mrc3NNYKzN9SVFs/NLbrELNoMZeJ1WKt5BwKgBY+PEOpfyLw==",
      "dependencies": {
        "lodash-es": "^4.17.15"
      },
      "engines": {
        "node": ">=14.0.0",
        "npm": ">=5.7.1"
      }
    },
    "node_modules/lodash-es": {
      "version": "4.17.21",
      "resolved": "https://registry.npmjs.org/lodash-es/-/lodash-es-4.17.21.tgz",
      "integrity": "sha512-mKnC+QJ9pWVzv+C4/U3rRsHapFfHvQFoFB92e52xeyGMcX6/OlIl78je1u8vePzYZSkkogMPJ2yjxxsb89cxyw=="
    }
  },
  "dependencies": {
    "@ckeditor/ckeditor5-core": {
      "version": "34.2.0",
      "resolved": "https://registry.npmjs.org/@ckeditor/ckeditor5-core/-/ckeditor5-core-34.2.0.tgz",
      "integrity": "sha512-6K0aToibRt28sCVYpMqdSKGvMifjwziqxLxyEh38CyDZJBUf7QPEAPlEpKAFTisHNEmC4471tr8UPpvNgqUXGA==",
      "requires": {
        "@ckeditor/ckeditor5-engine": "^34.2.0",
        "@ckeditor/ckeditor5-ui": "^34.2.0",
        "@ckeditor/ckeditor5-utils": "^34.2.0",
        "lodash-es": "^4.17.15"
      }
    },
    "@ckeditor/ckeditor5-engine": {
      "version": "34.2.0",
      "resolved": "https://registry.npmjs.org/@ckeditor/ckeditor5-engine/-/ckeditor5-engine-34.2.0.tgz",
      "integrity": "sha512-9/i6TZ+Sy5T6hnuCtmeLTfwLSY8LaS7qFkW6gsM9NEB+LSSu930GP0Ss30Nw6dYo/JmYiQEpkiRJzKYIjrH8Pg==",
      "requires": {
        "@ckeditor/ckeditor5-utils": "^34.2.0",
        "lodash-es": "^4.17.15"
      }
    },
    "@ckeditor/ckeditor5-ui": {
      "version": "34.2.0",
      "resolved": "https://registry.npmjs.org/@ckeditor/ckeditor5-ui/-/ckeditor5-ui-34.2.0.tgz",
      "integrity": "sha512-XL561G/e3b1YLGHNjLxS9IgoVn4BSugHmidEXYNUTMLATRCKld1XMUKFsB/wm3DwLBUfWn4d2j3qdcO2CnDuBg==",
      "requires": {
        "@ckeditor/ckeditor5-core": "^34.2.0",
        "@ckeditor/ckeditor5-utils": "^34.2.0",
        "lodash-es": "^4.17.15"
      }
    },
    "@ckeditor/ckeditor5-upload": {
      "version": "34.2.0",
      "resolved": "https://registry.npmjs.org/@ckeditor/ckeditor5-upload/-/ckeditor5-upload-34.2.0.tgz",
      "integrity": "sha512-HBJr0/wFE+R13aIXRF/xJVQqo6Yh34EgbnrNYYhlNiHG40Vr6079eCuoZrnY3vwEsjtFNnTRQ433+RqxJ652zw==",
      "requires": {
        "@ckeditor/ckeditor5-core": "^34.2.0",
        "@ckeditor/ckeditor5-ui": "^34.2.0",
        "@ckeditor/ckeditor5-utils": "^34.2.0"
      }
    },
    "@ckeditor/ckeditor5-utils": {
      "version": "34.2.0",
      "resolved": "https://registry.npmjs.org/@ckeditor/ckeditor5-utils/-/ckeditor5-utils-34.2.0.tgz",
      "integrity": "sha512-jHJV2S8DzmpVvd3jdercY6HsGRAwpm/MK79Rs/Mrc3NNYKzN9SVFs/NLbrELNoMZeJ1WKt5BwKgBY+PEOpfyLw==",
      "requires": {
        "lodash-es": "^4.17.15"
      }
    },
    "lodash-es": {
      "version": "4.17.21",
      "resolved": "https://registry.npmjs.org/lodash-es/-/lodash-es-4.17.21.tgz",
      "integrity": "sha512-mKnC+QJ9pWVzv+C4/U3rRsHapFfHvQFoFB92e52xeyGMcX6/OlIl78je1u8vePzYZSkkogMPJ2yjxxsb89cxyw=="
    }
  }
}
